
Microsoft Visual Studio Solution File, Format Version 12.00
# Visual Studio Version 16
VisualStudioVersion = 16.0.30717.126
MinimumVisualStudioVersion = 10.0.40219.1
Project("{9A19103F-16F7-4668-BE54-9A1E7A4F7556}") = "FixtureTracking.WebAPI", "FixtureTracking.WebAPI\FixtureTracking.WebAPI.csproj", "{ADF25DE9-D5F1-42B3-8C88-4822DDA203EF}"
EndProject
Project("{9A19103F-16F7-4668-BE54-9A1E7A4F7556}") = "FixtureTracking.Business", "..\FixtureTrackingBackend\FixtureTracking.Business\FixtureTracking.Business.csproj", "{33F765DA-C08E-478F-9E30-EFB5CE11190D}"
EndProject
Global
	GlobalSection(SolutionConfigurationPlatforms) = preSolution
		Debug|Any CPU = Debug|Any CPU
		Release|Any CPU = Release|Any CPU
	EndGlobalSection
	GlobalSection(ProjectConfigurationPlatforms) = postSolution
		{ADF25DE9-D5F1-42B3-8C88-4822DDA203EF}.Debug|Any CPU.ActiveCfg = Debug|Any CPU
		{ADF25DE9-D5F1-42B3-8C88-4822DDA203EF}.Debug|Any CPU.Build.0 = Debug|Any CPU
		{ADF25DE9-D5F1-42B3-8C88-4822DDA203EF}.Release|Any CPU.ActiveCfg = Release|Any CPU
		{ADF25DE9-D5F1-42B3-8C88-4822DDA203EF}.Release|Any CPU.Build.0 = Release|Any CPU
		{33F765DA-C08E-478F-9E30-EFB5CE11190D}.Debug|Any CPU.ActiveCfg = Debug|Any CPU
		{33F765DA-C08E-478F-9E30-EFB5CE11190D}.Debug|Any CPU.Build.0 = Debug|Any CPU
		{33F765DA-C08E-478F-9E30-EFB5CE11190D}.Release|Any CPU.ActiveCfg = Release|Any CPU
		{33F765DA-C08E-478F-9E30-EFB5CE11190D}.Release|Any CPU.Build.0 = Release|Any CPU
	EndGlobalSection
	GlobalSection(SolutionProperties) = preSolution
		HideSolutionNode = FALSE
	EndGlobalSection
	GlobalSection(ExtensibilityGlobals) = postSolution
		SolutionGuid = {5B89F07B-9CEF-46CF-8CB0-42F036C31336}
	EndGlobalSection
EndGlobal
